
Microsoft Visual Studio Solution File, Format Version 12.00
# Visual Studio Version 17
VisualStudioVersion = 17.0.31903.59
MinimumVisualStudioVersion = 10.0.40219.1
Project("{2150E333-8FDC-42A3-9474-1A3956D46DE8}") = "FrontEnd", "FrontEnd", "{24463016-334F-40F5-96A5-0827E3E5F0F2}"
EndProject
Project("{2150E333-8FDC-42A3-9474-1A3956D46DE8}") = "Service", "Service", "{9D8AF1B6-055D-43BF-824D-EF8FC3BE8A8E}"
EndProject
Project("{FAE04EC0-301F-11D3-BF4B-00C04F79EFBC}") = "GeekShopping.Web", "GeekShopping.Web\GeekShopping.Web.csproj", "{EF7CBD51-E49B-4C31-B2D9-5CDD21D0DE73}"
EndProject
Project("{FAE04EC0-301F-11D3-BF4B-00C04F79EFBC}") = "GeekShopping.ProductApi", "GeekShopping.ProductApi\GeekShopping.ProductApi.csproj", "{7AA6382A-16E6-4BA5-8BB6-DA63F78C6CDA}"
EndProject
Global
	GlobalSection(SolutionConfigurationPlatforms) = preSolution
		Debug|Any CPU = Debug|Any CPU
		Release|Any CPU = Release|Any CPU
	EndGlobalSection
	GlobalSection(ProjectConfigurationPlatforms) = postSolution
		{EF7CBD51-E49B-4C31-B2D9-5CDD21D0DE73}.Debug|Any CPU.ActiveCfg = Debug|Any CPU
		{EF7CBD51-E49B-4C31-B2D9-5CDD21D0DE73}.Debug|Any CPU.Build.0 = Debug|Any CPU
		{EF7CBD51-E49B-4C31-B2D9-5CDD21D0DE73}.Release|Any CPU.ActiveCfg = Release|Any CPU
		{EF7CBD51-E49B-4C31-B2D9-5CDD21D0DE73}.Release|Any CPU.Build.0 = Release|Any CPU
		{7AA6382A-16E6-4BA5-8BB6-DA63F78C6CDA}.Debug|Any CPU.ActiveCfg = Debug|Any CPU
		{7AA6382A-16E6-4BA5-8BB6-DA63F78C6CDA}.Debug|Any CPU.Build.0 = Debug|Any CPU
		{7AA6382A-16E6-4BA5-8BB6-DA63F78C6CDA}.Release|Any CPU.ActiveCfg = Release|Any CPU
		{7AA6382A-16E6-4BA5-8BB6-DA63F78C6CDA}.Release|Any CPU.Build.0 = Release|Any CPU
	EndGlobalSection
	GlobalSection(SolutionProperties) = preSolution
		HideSolutionNode = FALSE
	EndGlobalSection
	GlobalSection(NestedProjects) = preSolution
		{EF7CBD51-E49B-4C31-B2D9-5CDD21D0DE73} = {24463016-334F-40F5-96A5-0827E3E5F0F2}
		{7AA6382A-16E6-4BA5-8BB6-DA63F78C6CDA} = {9D8AF1B6-055D-43BF-824D-EF8FC3BE8A8E}
	EndGlobalSection
	GlobalSection(ExtensibilityGlobals) = postSolution
		SolutionGuid = {C5BA1257-9C66-42D9-9EB5-3E9D9B232695}
	EndGlobalSection
EndGlobal
